
Microsoft Visual Studio Solution File, Format Version 12.00
# Visual Studio Version 17
VisualStudioVersion = 17.3.32901.215
MinimumVisualStudioVersion = 10.0.40219.1
Project("{9A19103F-16F7-4668-BE54-9A1E7A4F7556}") = "Ouroboros", "Ouroboros\Ouroboros.csproj", "{5AA663D9-7332-4A4D-B618-D07C87FF7A8B}"
EndProject
Project("{9A19103F-16F7-4668-BE54-9A1E7A4F7556}") = "Ouroboros.Console", "Ouroboros.Console\Ouroboros.Console.csproj", "{D50A5B0C-3248-4BCD-A19C-2FF1DCFAD3E1}"
EndProject
Project("{9A19103F-16F7-4668-BE54-9A1E7A4F7556}") = "Ouroboros.Test", "Ouroboros.Test\Ouroboros.Test.csproj", "{7E66B27D-ACC0-4620-B584-97AE7104C7E3}"
EndProject
Project("{FAE04EC0-301F-11D3-BF4B-00C04F79EFBC}") = "Ouroboros.AutoMiner", "Ouroboros.AutoMiner\Ouroboros.AutoMiner.csproj", "{FAFD11A7-9373-48FA-B71E-DB93257A68FA}"
EndProject
Global
	GlobalSection(SolutionConfigurationPlatforms) = preSolution
		Debug|Any CPU = Debug|Any CPU
		Release|Any CPU = Release|Any CPU
	EndGlobalSection
	GlobalSection(ProjectConfigurationPlatforms) = postSolution
		{5AA663D9-7332-4A4D-B618-D07C87FF7A8B}.Debug|Any CPU.ActiveCfg = Debug|Any CPU
		{5AA663D9-7332-4A4D-B618-D07C87FF7A8B}.Debug|Any CPU.Build.0 = Debug|Any CPU
		{5AA663D9-7332-4A4D-B618-D07C87FF7A8B}.Release|Any CPU.ActiveCfg = Release|Any CPU
		{5AA663D9-7332-4A4D-B618-D07C87FF7A8B}.Release|Any CPU.Build.0 = Release|Any CPU
		{D50A5B0C-3248-4BCD-A19C-2FF1DCFAD3E1}.Debug|Any CPU.ActiveCfg = Debug|Any CPU
		{D50A5B0C-3248-4BCD-A19C-2FF1DCFAD3E1}.Debug|Any CPU.Build.0 = Debug|Any CPU
		{D50A5B0C-3248-4BCD-A19C-2FF1DCFAD3E1}.Release|Any CPU.ActiveCfg = Release|Any CPU
		{D50A5B0C-3248-4BCD-A19C-2FF1DCFAD3E1}.Release|Any CPU.Build.0 = Release|Any CPU
		{7E66B27D-ACC0-4620-B584-97AE7104C7E3}.Debug|Any CPU.ActiveCfg = Debug|Any CPU
		{7E66B27D-ACC0-4620-B584-97AE7104C7E3}.Debug|Any CPU.Build.0 = Debug|Any CPU
		{7E66B27D-ACC0-4620-B584-97AE7104C7E3}.Release|Any CPU.ActiveCfg = Release|Any CPU
		{7E66B27D-ACC0-4620-B584-97AE7104C7E3}.Release|Any CPU.Build.0 = Release|Any CPU
		{FAFD11A7-9373-48FA-B71E-DB93257A68FA}.Debug|Any CPU.ActiveCfg = Debug|Any CPU
		{FAFD11A7-9373-48FA-B71E-DB93257A68FA}.Debug|Any CPU.Build.0 = Debug|Any CPU
		{FAFD11A7-9373-48FA-B71E-DB93257A68FA}.Release|Any CPU.ActiveCfg = Release|Any CPU
		{FAFD11A7-9373-48FA-B71E-DB93257A68FA}.Release|Any CPU.Build.0 = Release|Any CPU
	EndGlobalSection
	GlobalSection(SolutionProperties) = preSolution
		HideSolutionNode = FALSE
	EndGlobalSection
	GlobalSection(ExtensibilityGlobals) = postSolution
		SolutionGuid = {0833734D-B9BA-44B3-B078-71559B088F2F}
	EndGlobalSection
EndGlobal
